<?xml version="1.0" encoding="utf-8"?>
<Project ToolsVersion="4.0" xmlns="http://schemas.microsoft.com/developer/msbuild/2003">
  <ItemGroup>
    <Filter Include="Source Files">
      <UniqueIdentifier>{843DF7B0-3875-41EC-AE03-230DC056CB5B}</UniqueIdentifier>
      <Extensions>cpp;c;cxx</Extensions>
    </Filter>
    <Filter Include="Header Files">
      <UniqueIdentifier>{7DF76D77-B913-4A71-BE4E-91588F928745}</UniqueIdentifier>
      <Extensions>h;hpp;hxx</Extensions>
    </Filter>
    <Filter Include="Resource Files">
      <UniqueIdentifier>{87285276-1747-4591-9E44-35A57A72C060}</UniqueIdentifier>
      <Extensions>rc;ico;cur;bmp;dlg;rc2;rct;bin;rgs;gif;jpg;jpeg;jpe;resx</Extensions>
    </Filter>
  </ItemGroup>
  <ItemGroup>
    <ClCompile Include="dllmain.cpp"><Filter>Source Files</Filter></ClCompile>
    <ClCompile Include="EpubImport.cpp"><Filter>Source Files</Filter></ClCompile>
    <ClCompile Include="ImportEPUBBatch.cpp"><Filter>Source Files</Filter></ClCompile>
    <ClCompile Include="ImportEPUBPlugin.cpp"><Filter>Source Files</Filter></ClCompile>
    <ClCompile Include="ImportOptionsDialog.cpp"><Filter>Source Files</Filter></ClCompile>
    <ClCompile Include="Registry.cpp"><Filter>Source Files</Filter></ClCompile>
    <ClCompile Include="stdafx.cpp"><Filter>Source Files</Filter></ClCompile>
  </ItemGroup>
  <ItemGroup>
    <ClInclude Include="EpubImport.h"><Filter>Header Files</Filter></ClInclude>
    <ClInclude Include="FBEPluginInterfaces.h"><Filter>Header Files</Filter></ClInclude>
    <ClInclude Include="ImportEPUBModule.h"><Filter>Header Files</Filter></ClInclude>
    <ClInclude Include="ImportEPUBPlugin.h"><Filter>Header Files</Filter></ClInclude>
    <ClInclude Include="ImportEPUBGuids.h"><Filter>Header Files</Filter></ClInclude>
    <ClInclude Include="ImportOptionsDialog.h"><Filter>Header Files</Filter></ClInclude>
    <ClInclude Include="MsxmlImport.h"><Filter>Header Files</Filter></ClInclude>
    <ClInclude Include="resource.h"><Filter>Header Files</Filter></ClInclude>
    <ClInclude Include="stdafx.h"><Filter>Header Files</Filter></ClInclude>
  </ItemGroup>
  <ItemGroup>
    <ResourceCompile Include="ImportEPUB.rc"><Filter>Resource Files</Filter></ResourceCompile>
    <Image Include="res\ImportEPUB.ico"><Filter>Resource Files</Filter></Image>
    <None Include="ImportEPUB.def"><Filter>Resource Files</Filter></None>

    <None Include="ImportEPUBLunaSVG.vcxproj"><Filter>Resource Files</Filter></None>
    <None Include="ImportEPUBLunaSVG.vcxproj.filters"><Filter>Resource Files</Filter></None>
    <None Include="ImportEPUBLunaSVG.def"><Filter>Resource Files</Filter></None>
    <None Include="targetver.h"><Filter>Header Files</Filter></None>
    <None Include="ImportEPUBBatch.vcxproj"><Filter>Resource Files</Filter></None>
      <None Include="..\..\third_party\lunasvg\README_IMPORT_EPUB_BUILD.txt"><Filter>Resource Files</Filter></None>
    <None Include="..\..\third_party\lunasvg\LICENSE"><Filter>Resource Files</Filter></None>
    <None Include="..\..\third_party\lunasvg\plutovg\LICENSE"><Filter>Resource Files</Filter></None>
    <None Include="..\..\third_party\lunasvg\plutovg.vcxproj"><Filter>Resource Files</Filter></None>
    <None Include="..\..\third_party\lunasvg\lunasvg.vcxproj"><Filter>Resource Files</Filter></None>
  </ItemGroup>

  <ItemGroup>
    <None Include="PVS_STUDIO_NOTES.txt" />
  </ItemGroup>
</Project>
